<!DOCTYPE html>
<html lang="en">
  <head>
    <meta charset="UTF-8" />
    <meta name="viewport" content="width=device-width, initial-scale=1.0" />
    <title>Vidya Kendra — TGPSC + SSC Study Desk</title>
    <meta name="description" content="Complete free study companion for TGPSC (Group 1/2/3) and SSC (CGL/CHSL) exams — syllabus, illustrated notes, quizzes, past papers and a daily study plan." />
  </head>
  <body>
    <div id="root"></div>
    <script type="module" src="/src/main.jsx"></script>
  </body>
</html>
